
Microsoft Visual Studio Solution File, Format Version 12.00
# Visual Studio Version 16
VisualStudioVersion = 16.0.31424.327
MinimumVisualStudioVersion = 10.0.40219.1
Project("{FAE04EC0-301F-11D3-BF4B-00C04F79EFBC}") = "BinarySearchCSharp", "BinarySearchCSharp\BinarySearchCSharp.csproj", "{31FF4FAC-D754-43D1-8546-788D23A10856}"
EndProject
Global
	GlobalSection(SolutionConfigurationPlatforms) = preSolution
		Debug|Any CPU = Debug|Any CPU
		Release|Any CPU = Release|Any CPU
	EndGlobalSection
	GlobalSection(ProjectConfigurationPlatforms) = postSolution
		{31FF4FAC-D754-43D1-8546-788D23A10856}.Debug|Any CPU.ActiveCfg = Debug|Any CPU
		{31FF4FAC-D754-43D1-8546-788D23A10856}.Debug|Any CPU.Build.0 = Debug|Any CPU
		{31FF4FAC-D754-43D1-8546-788D23A10856}.Release|Any CPU.ActiveCfg = Release|Any CPU
		{31FF4FAC-D754-43D1-8546-788D23A10856}.Release|Any CPU.Build.0 = Release|Any CPU
	EndGlobalSection
	GlobalSection(SolutionProperties) = preSolution
		HideSolutionNode = FALSE
	EndGlobalSection
	GlobalSection(ExtensibilityGlobals) = postSolution
		SolutionGuid = {DEE1D4A6-0126-43C1-A8F3-504964EDFA49}
	EndGlobalSection
EndGlobal
